// !$*UTF8*$!
{
	archiveVersion = 1;
	classes = {
	};
	objectVersion = 50;
	objects = {

/* Begin PBXBuildFile section */
		350AB28722A88021009FEE18 /* ChatVC.swift in Sources */ = {isa = PBXBuildFile; fileRef = 350AB28622A88021009FEE18 /* ChatVC.swift */; };
		350AB28922A88033009FEE18 /* ChannelVC.swift in Sources */ = {isa = PBXBuildFile; fileRef = 350AB28822A88033009FEE18 /* ChannelVC.swift */; };
		35D577E8229CCBB600CA3D1B /* AppDelegate.swift in Sources */ = {isa = PBXBuildFile; fileRef = 35D577E7229CCBB600CA3D1B /* AppDelegate.swift */; };
		35D577ED229CCBB600CA3D1B /* Main.storyboard in Resources */ = {isa = PBXBuildFile; fileRef = 35D577EB229CCBB600CA3D1B /* Main.storyboard */; };
		35D577EF229CCBB600CA3D1B /* Assets.xcassets in Resources */ = {isa = PBXBuildFile; fileRef = 35D577EE229CCBB600CA3D1B /* Assets.xcassets */; };
		35D577F2229CCBB600CA3D1B /* LaunchScreen.storyboard in Resources */ = {isa = PBXBuildFile; fileRef = 35D577F0229CCBB600CA3D1B /* LaunchScreen.storyboard */; };
		35D577FD229CCDA500CA3D1B /* SWRevealViewController.m in Sources */ = {isa = PBXBuildFile; fileRef = 35D577FB229CCDA500CA3D1B /* SWRevealViewController.m */; };
		BF787AD935526ABEBB5528C4 /* Pods_Whack.framework in Frameworks */ = {isa = PBXBuildFile; fileRef = 22768E45515D990D6CDBEAD1 /* Pods_Whack.framework */; };
/* End PBXBuildFile section */

/* Begin PBXFileReference section */
		22768E45515D990D6CDBEAD1 /* Pods_Whack.framework */ = {isa = PBXFileReference; explicitFileType = wrapper.framework; includeInIndex = 0; path = Pods_Whack.framework; sourceTree = BUILT_PRODUCTS_DIR; };
		350AB28622A88021009FEE18 /* ChatVC.swift */ = {isa = PBXFileReference; lastKnownFileType = sourcecode.swift; path = ChatVC.swift; sourceTree = "<group>"; };
		350AB28822A88033009FEE18 /* ChannelVC.swift */ = {isa = PBXFileReference; lastKnownFileType = sourcecode.swift; path = ChannelVC.swift; sourceTree = "<group>"; };
		35D577E4229CCBB600CA3D1B /* Whack.app */ = {isa = PBXFileReference; explicitFileType = wrapper.application; includeInIndex = 0; path = Whack.app; sourceTree = BUILT_PRODUCTS_DIR; };
		35D577E7229CCBB600CA3D1B /* AppDelegate.swift */ = {isa = PBXFileReference; lastKnownFileType = sourcecode.swift; path = AppDelegate.swift; sourceTree = "<group>"; };
		35D577EC229CCBB600CA3D1B /* Base */ = {isa = PBXFileReference; lastKnownFileType = file.storyboard; name = Base; path = Base.lproj/Main.storyboard; sourceTree = "<group>"; };
		35D577EE229CCBB600CA3D1B /* Assets.xcassets */ = {isa = PBXFileReference; lastKnownFileType = folder.assetcatalog; path = Assets.xcassets; sourceTree = "<group>"; };
		35D577F1229CCBB600CA3D1B /* Base */ = {isa = PBXFileReference; lastKnownFileType = file.storyboard; name = Base; path = Base.lproj/LaunchScreen.storyboard; sourceTree = "<group>"; };
		35D577F3229CCBB600CA3D1B /* Info.plist */ = {isa = PBXFileReference; lastKnownFileType = text.plist.xml; path = Info.plist; sourceTree = "<group>"; };
		35D577FA229CCDA400CA3D1B /* Whack-Bridging-Header.h */ = {isa = PBXFileReference; lastKnownFileType = sourcecode.c.h; path = "Whack-Bridging-Header.h"; sourceTree = "<group>"; };
		35D577FB229CCDA500CA3D1B /* SWRevealViewController.m */ = {isa = PBXFileReference; fileEncoding = 4; lastKnownFileType = sourcecode.c.objc; path = SWRevealViewController.m; sourceTree = "<group>"; };
		35D577FC229CCDA500CA3D1B /* SWRevealViewController.h */ = {isa = PBXFileReference; fileEncoding = 4; lastKnownFileType = sourcecode.c.h; path = SWRevealViewController.h; sourceTree = "<group>"; };
		A1CFED19FAEEBE26DFDB4410 /* Pods-Whack.debug.xcconfig */ = {isa = PBXFileReference; includeInIndex = 1; lastKnownFileType = text.xcconfig; name = "Pods-Whack.debug.xcconfig"; path = "Pods/Target Support Files/Pods-Whack/Pods-Whack.debug.xcconfig"; sourceTree = "<group>"; };
		A46DFB1B18C81251687307F5 /* Pods-Whack.release.xcconfig */ = {isa = PBXFileReference; includeInIndex = 1; lastKnownFileType = text.xcconfig; name = "Pods-Whack.release.xcconfig"; path = "Pods/Target Support Files/Pods-Whack/Pods-Whack.release.xcconfig"; sourceTree = "<group>"; };
/* End PBXFileReference section */

/* Begin PBXFrameworksBuildPhase section */
		35D577E1229CCBB600CA3D1B /* Frameworks */ = {
			isa = PBXFrameworksBuildPhase;
			buildActionMask = 2147483647;
			files = (
				BF787AD935526ABEBB5528C4 /* Pods_Whack.framework in Frameworks */,
			);
			runOnlyForDeploymentPostprocessing = 0;
		};
/* End PBXFrameworksBuildPhase section */

/* Begin PBXGroup section */
		350AB28322A87FDA009FEE18 /* Controller */ = {
			isa = PBXGroup;
			children = (
				350AB28622A88021009FEE18 /* ChatVC.swift */,
				350AB28822A88033009FEE18 /* ChannelVC.swift */,
			);
			path = Controller;
			sourceTree = "<group>";
		};
		350AB28422A87FEF009FEE18 /* View */ = {
			isa = PBXGroup;
			children = (
			);
			path = View;
			sourceTree = "<group>";
		};
		350AB28522A87FF6009FEE18 /* Model */ = {
			isa = PBXGroup;
			children = (
			);
			path = Model;
			sourceTree = "<group>";
		};
		35D577DB229CCBB600CA3D1B = {
			isa = PBXGroup;
			children = (
				35D577E6229CCBB600CA3D1B /* Whack */,
				35D577E5229CCBB600CA3D1B /* Products */,
				48BCCE8B3FAC32929A84F459 /* Pods */,
				96EC06E0BD65AD605EA3E7D8 /* Frameworks */,
			);
			sourceTree = "<group>";
		};
		35D577E5229CCBB600CA3D1B /* Products */ = {
			isa = PBXGroup;
			children = (
				35D577E4229CCBB600CA3D1B /* Whack.app */,
			);
			name = Products;
			sourceTree = "<group>";
		};
		35D577E6229CCBB600CA3D1B /* Whack */ = {
			isa = PBXGroup;
			children = (
				350AB28522A87FF6009FEE18 /* Model */,
				350AB28422A87FEF009FEE18 /* View */,
				350AB28322A87FDA009FEE18 /* Controller */,
				35D577F9229CCD8200CA3D1B /* Supporting Files */,
				35D577E7229CCBB600CA3D1B /* AppDelegate.swift */,
				35D577EB229CCBB600CA3D1B /* Main.storyboard */,
				35D577EE229CCBB600CA3D1B /* Assets.xcassets */,
				35D577F0229CCBB600CA3D1B /* LaunchScreen.storyboard */,
				35D577F3229CCBB600CA3D1B /* Info.plist */,
			);
			path = Whack;
			sourceTree = "<group>";
		};
		35D577F9229CCD8200CA3D1B /* Supporting Files */ = {
			isa = PBXGroup;
			children = (
				35D577FC229CCDA500CA3D1B /* SWRevealViewController.h */,
				35D577FB229CCDA500CA3D1B /* SWRevealViewController.m */,
				35D577FA229CCDA400CA3D1B /* Whack-Bridging-Header.h */,
			);
			path = "Supporting Files";
			sourceTree = "<group>";
		};
		48BCCE8B3FAC32929A84F459 /* Pods */ = {
			isa = PBXGroup;
			children = (
				A1CFED19FAEEBE26DFDB4410 /* Pods-Whack.debug.xcconfig */,
				A46DFB1B18C81251687307F5 /* Pods-Whack.release.xcconfig */,
			);
			name = Pods;
			sourceTree = "<group>";
		};
		96EC06E0BD65AD605EA3E7D8 /* Frameworks */ = {
			isa = PBXGroup;
			children = (
				22768E45515D990D6CDBEAD1 /* Pods_Whack.framework */,
			);
			name = Frameworks;
			sourceTree = "<group>";
		};
/* End PBXGroup section */

/* Begin PBXNativeTarget section */
		35D577E3229CCBB600CA3D1B /* Whack */ = {
			isa = PBXNativeTarget;
			buildConfigurationList = 35D577F6229CCBB600CA3D1B /* Build configuration list for PBXNativeTarget "Whack" */;
			buildPhases = (
				24C3EA80D365AC4CACE8484B /* [CP] Check Pods Manifest.lock */,
				35D577E0229CCBB600CA3D1B /* Sources */,
				35D577E1229CCBB600CA3D1B /* Frameworks */,
				35D577E2229CCBB600CA3D1B /* Resources */,
				4D76C92E341BEAEC30DEC677 /* [CP] Embed Pods Frameworks */,
			);
			buildRules = (
			);
			dependencies = (
			);
			name = Whack;
			productName = Whack;
			productReference = 35D577E4229CCBB600CA3D1B /* Whack.app */;
			productType = "com.apple.product-type.application";
		};
/* End PBXNativeTarget section */

/* Begin PBXProject section */
		35D577DC229CCBB600CA3D1B /* Project object */ = {
			isa = PBXProject;
			attributes = {
				LastSwiftUpdateCheck = 1010;
				LastUpgradeCheck = 1010;
				ORGANIZATIONNAME = "Shreya Randive";
				TargetAttributes = {
					35D577E3229CCBB600CA3D1B = {
						CreatedOnToolsVersion = 10.1;
						LastSwiftMigration = 1010;
					};
				};
			};
			buildConfigurationList = 35D577DF229CCBB600CA3D1B /* Build configuration list for PBXProject "Whack" */;
			compatibilityVersion = "Xcode 9.3";
			developmentRegion = en;
			hasScannedForEncodings = 0;
			knownRegions = (
				en,
				Base,
			);
			mainGroup = 35D577DB229CCBB600CA3D1B;
			productRefGroup = 35D577E5229CCBB600CA3D1B /* Products */;
			projectDirPath = "";
			projectRoot = "";
			targets = (
				35D577E3229CCBB600CA3D1B /* Whack */,
			);
		};
/* End PBXProject section */

/* Begin PBXResourcesBuildPhase section */
		35D577E2229CCBB600CA3D1B /* Resources */ = {
			isa = PBXResourcesBuildPhase;
			buildActionMask = 2147483647;
			files = (
				35D577F2229CCBB600CA3D1B /* LaunchScreen.storyboard in Resources */,
				35D577EF229CCBB600CA3D1B /* Assets.xcassets in Resources */,
				35D577ED229CCBB600CA3D1B /* Main.storyboard in Resources */,
			);
			runOnlyForDeploymentPostprocessing = 0;
		};
/* End PBXResourcesBuildPhase section */

/* Begin PBXShellScriptBuildPhase section */
		24C3EA80D365AC4CACE8484B /* [CP] Check Pods Manifest.lock */ = {
			isa = PBXShellScriptBuildPhase;
			buildActionMask = 2147483647;
			files = (
			);
			inputPaths = (
				"${PODS_PODFILE_DIR_PATH}/Podfile.lock",
				"${PODS_ROOT}/Manifest.lock",
			);
			name = "[CP] Check Pods Manifest.lock";
			outputPaths = (
				"$(DERIVED_FILE_DIR)/Pods-Whack-checkManifestLockResult.txt",
			);
			runOnlyForDeploymentPostprocessing = 0;
			shellPath = /bin/sh;
			shellScript = "diff \"${PODS_PODFILE_DIR_PATH}/Podfile.lock\" \"${PODS_ROOT}/Manifest.lock\" > /dev/null\nif [ $? != 0 ] ; then\n    # print error to STDERR\n    echo \"error: The sandbox is not in sync with the Podfile.lock. Run 'pod install' or update your CocoaPods installation.\" >&2\n    exit 1\nfi\n# This output is used by Xcode 'outputs' to avoid re-running this script phase.\necho \"SUCCESS\" > \"${SCRIPT_OUTPUT_FILE_0}\"\n";
			showEnvVarsInLog = 0;
		};
		4D76C92E341BEAEC30DEC677 /* [CP] Embed Pods Frameworks */ = {
			isa = PBXShellScriptBuildPhase;
			buildActionMask = 2147483647;
			files = (
			);
			inputPaths = (
				"${SRCROOT}/Pods/Target Support Files/Pods-Whack/Pods-Whack-frameworks.sh",
				"${BUILT_PRODUCTS_DIR}/Alamofire/Alamofire.framework",
				"${BUILT_PRODUCTS_DIR}/Socket.IO-Client-Swift/SocketIO.framework",
				"${BUILT_PRODUCTS_DIR}/Starscream/Starscream.framework",
				"${BUILT_PRODUCTS_DIR}/SwiftyJSON/SwiftyJSON.framework",
			);
			name = "[CP] Embed Pods Frameworks";
			outputPaths = (
				"${TARGET_BUILD_DIR}/${FRAMEWORKS_FOLDER_PATH}/Alamofire.framework",
				"${TARGET_BUILD_DIR}/${FRAMEWORKS_FOLDER_PATH}/SocketIO.framework",
				"${TARGET_BUILD_DIR}/${FRAMEWORKS_FOLDER_PATH}/Starscream.framework",
				"${TARGET_BUILD_DIR}/${FRAMEWORKS_FOLDER_PATH}/SwiftyJSON.framework",
			);
			runOnlyForDeploymentPostprocessing = 0;
			shellPath = /bin/sh;
			shellScript = "\"${SRCROOT}/Pods/Target Support Files/Pods-Whack/Pods-Whack-frameworks.sh\"\n";
			showEnvVarsInLog = 0;
		};
/* End PBXShellScriptBuildPhase section */

/* Begin PBXSourcesBuildPhase section */
		35D577E0229CCBB600CA3D1B /* Sources */ = {
			isa = PBXSourcesBuildPhase;
			buildActionMask = 2147483647;
			files = (
				350AB28922A88033009FEE18 /* ChannelVC.swift in Sources */,
				350AB28722A88021009FEE18 /* ChatVC.swift in Sources */,
				35D577E8229CCBB600CA3D1B /* AppDelegate.swift in Sources */,
				35D577FD229CCDA500CA3D1B /* SWRevealViewController.m in Sources */,
			);
			runOnlyForDeploymentPostprocessing = 0;
		};
/* End PBXSourcesBuildPhase section */

/* Begin PBXVariantGroup section */
		35D577EB229CCBB600CA3D1B /* Main.storyboard */ = {
			isa = PBXVariantGroup;
			children = (
				35D577EC229CCBB600CA3D1B /* Base */,
			);
			name = Main.storyboard;
			sourceTree = "<group>";
		};
		35D577F0229CCBB600CA3D1B /* LaunchScreen.storyboard */ = {
			isa = PBXVariantGroup;
			children = (
				35D577F1229CCBB600CA3D1B /* Base */,
			);
			name = LaunchScreen.storyboard;
			sourceTree = "<group>";
		};
/* End PBXVariantGroup section */

/* Begin XCBuildConfiguration section */
		35D577F4229CCBB600CA3D1B /* Debug */ = {
			isa = XCBuildConfiguration;
			buildSettings = {
				ALWAYS_SEARCH_USER_PATHS = NO;
				CLANG_ANALYZER_NONNULL = YES;
				CLANG_ANALYZER_NUMBER_OBJECT_CONVERSION = YES_AGGRESSIVE;
				CLANG_CXX_LANGUAGE_STANDARD = "gnu++14";
				CLANG_CXX_LIBRARY = "libc++";
				CLANG_ENABLE_MODULES = YES;
				CLANG_ENABLE_OBJC_ARC = YES;
				CLANG_ENABLE_OBJC_WEAK = YES;
				CLANG_WARN_BLOCK_CAPTURE_AUTORELEASING = YES;
				CLANG_WARN_BOOL_CONVERSION = YES;
				CLANG_WARN_COMMA = YES;
				CLANG_WARN_CONSTANT_CONVERSION = YES;
				CLANG_WARN_DEPRECATED_OBJC_IMPLEMENTATIONS = YES;
				CLANG_WARN_DIRECT_OBJC_ISA_USAGE = YES_ERROR;
				CLANG_WARN_DOCUMENTATION_COMMENTS = YES;
				CLANG_WARN_EMPTY_BODY = YES;
				CLANG_WARN_ENUM_CONVERSION = YES;
				CLANG_WARN_INFINITE_RECURSION = YES;
				CLANG_WARN_INT_CONVERSION = YES;
				CLANG_WARN_NON_LITERAL_NULL_CONVERSION = YES;
				CLANG_WARN_OBJC_IMPLICIT_RETAIN_SELF = YES;
				CLANG_WARN_OBJC_LITERAL_CONVERSION = YES;
				CLANG_WARN_OBJC_ROOT_CLASS = YES_ERROR;
				CLANG_WARN_RANGE_LOOP_ANALYSIS = YES;
				CLANG_WARN_STRICT_PROTOTYPES = YES;
				CLANG_WARN_SUSPICIOUS_MOVE = YES;
				CLANG_WARN_UNGUARDED_AVAILABILITY = YES_AGGRESSIVE;
				CLANG_WARN_UNREACHABLE_CODE = YES;
				CLANG_WARN__DUPLICATE_METHOD_MATCH = YES;
				CODE_SIGN_IDENTITY = "iPhone Developer";
				COPY_PHASE_STRIP = NO;
				DEBUG_INFORMATION_FORMAT = dwarf;
				ENABLE_STRICT_OBJC_MSGSEND = YES;
				ENABLE_TESTABILITY = YES;
				GCC_C_LANGUAGE_STANDARD = gnu11;
				GCC_DYNAMIC_NO_PIC = NO;
				GCC_NO_COMMON_BLOCKS = YES;
				GCC_OPTIMIZATION_LEVEL = 0;
				GCC_PREPROCESSOR_DEFINITIONS = (
					"DEBUG=1",
					"$(inherited)",
				);
				GCC_WARN_64_TO_32_BIT_CONVERSION = YES;
				GCC_WARN_ABOUT_RETURN_TYPE = YES_ERROR;
				GCC_WARN_UNDECLARED_SELECTOR = YES;
				GCC_WARN_UNINITIALIZED_AUTOS = YES_AGGRESSIVE;
				GCC_WARN_UNUSED_FUNCTION = YES;
				GCC_WARN_UNUSED_VARIABLE = YES;
				IPHONEOS_DEPLOYMENT_TARGET = 12.1;
				MTL_ENABLE_DEBUG_INFO = INCLUDE_SOURCE;
				MTL_FAST_MATH = YES;
				ONLY_ACTIVE_ARCH = YES;
				SDKROOT = iphoneos;
				SWIFT_ACTIVE_COMPILATION_CONDITIONS = DEBUG;
				SWIFT_OPTIMIZATION_LEVEL = "-Onone";
			};
			name = Debug;
		};
		35D577F5229CCBB600CA3D1B /* Release */ = {
			isa = XCBuildConfiguration;
			buildSettings = {
				ALWAYS_SEARCH_USER_PATHS = NO;
				CLANG_ANALYZER_NONNULL = YES;
				CLANG_ANALYZER_NUMBER_OBJECT_CONVERSION = YES_AGGRESSIVE;
				CLANG_CXX_LANGUAGE_STANDARD = "gnu++14";
				CLANG_CXX_LIBRARY = "libc++";
				CLANG_ENABLE_MODULES = YES;
				CLANG_ENABLE_OBJC_ARC = YES;
				CLANG_ENABLE_OBJC_WEAK = YES;
				CLANG_WARN_BLOCK_CAPTURE_AUTORELEASING = YES;
				CLANG_WARN_BOOL_CONVERSION = YES;
				CLANG_WARN_COMMA = YES;
				CLANG_WARN_CONSTANT_CONVERSION = YES;
				CLANG_WARN_DEPRECATED_OBJC_IMPLEMENTATIONS = YES;
				CLANG_WARN_DIRECT_OBJC_ISA_USAGE = YES_ERROR;
				CLANG_WARN_DOCUMENTATION_COMMENTS = YES;
				CLANG_WARN_EMPTY_BODY = YES;
				CLANG_WARN_ENUM_CONVERSION = YES;
				CLANG_WARN_INFINITE_RECURSION = YES;
				CLANG_WARN_INT_CONVERSION = YES;
				CLANG_WARN_NON_LITERAL_NULL_CONVERSION = YES;
				CLANG_WARN_OBJC_IMPLICIT_RETAIN_SELF = YES;
				CLANG_WARN_OBJC_LITERAL_CONVERSION = YES;
				CLANG_WARN_OBJC_ROOT_CLASS = YES_ERROR;
				CLANG_WARN_RANGE_LOOP_ANALYSIS = YES;
				CLANG_WARN_STRICT_PROTOTYPES = YES;
				CLANG_WARN_SUSPICIOUS_MOVE = YES;
				CLANG_WARN_UNGUARDED_AVAILABILITY = YES_AGGRESSIVE;
				CLANG_WARN_UNREACHABLE_CODE = YES;
				CLANG_WARN__DUPLICATE_METHOD_MATCH = YES;
				CODE_SIGN_IDENTITY = "iPhone Developer";
				COPY_PHASE_STRIP = NO;
				DEBUG_INFORMATION_FORMAT = "dwarf-with-dsym";
				ENABLE_NS_ASSERTIONS = NO;
				ENABLE_STRICT_OBJC_MSGSEND = YES;
				GCC_C_LANGUAGE_STANDARD = gnu11;
				GCC_NO_COMMON_BLOCKS = YES;
				GCC_WARN_64_TO_32_BIT_CONVERSION = YES;
				GCC_WARN_ABOUT_RETURN_TYPE = YES_ERROR;
				GCC_WARN_UNDECLARED_SELECTOR = YES;
				GCC_WARN_UNINITIALIZED_AUTOS = YES_AGGRESSIVE;
				GCC_WARN_UNUSED_FUNCTION = YES;
				GCC_WARN_UNUSED_VARIABLE = YES;
				IPHONEOS_DEPLOYMENT_TARGET = 12.1;
				MTL_ENABLE_DEBUG_INFO = NO;
				MTL_FAST_MATH = YES;
				SDKROOT = iphoneos;
				SWIFT_COMPILATION_MODE = wholemodule;
				SWIFT_OPTIMIZATION_LEVEL = "-O";
				VALIDATE_PRODUCT = YES;
			};
			name = Release;
		};
		35D577F7229CCBB600CA3D1B /* Debug */ = {
			isa = XCBuildConfiguration;
			baseConfigurationReference = A1CFED19FAEEBE26DFDB4410 /* Pods-Whack.debug.xcconfig */;
			buildSettings = {
				ASSETCATALOG_COMPILER_APPICON_NAME = AppIcon;
				CLANG_ENABLE_MODULES = YES;
				CODE_SIGN_STYLE = Automatic;
				DEVELOPMENT_TEAM = LPBH5JPMKU;
				INFOPLIST_FILE = Whack/Info.plist;
				LD_RUNPATH_SEARCH_PATHS = (
					"$(inherited)",
					"@executable_path/Frameworks",
				);
				PRODUCT_BUNDLE_IDENTIFIER = com.shreyarandive.Whack;
				PRODUCT_NAME = "$(TARGET_NAME)";
				SWIFT_OBJC_BRIDGING_HEADER = "Whack/Supporting Files/Whack-Bridging-Header.h";
				SWIFT_OPTIMIZATION_LEVEL = "-Onone";
				SWIFT_VERSION = 4.2;
				TARGETED_DEVICE_FAMILY = "1,2";
			};
			name = Debug;
		};
		35D577F8229CCBB600CA3D1B /* Release */ = {
			isa = XCBuildConfiguration;
			baseConfigurationReference = A46DFB1B18C81251687307F5 /* Pods-Whack.release.xcconfig */;
			buildSettings = {
				ASSETCATALOG_COMPILER_APPICON_NAME = AppIcon;
				CLANG_ENABLE_MODULES = YES;
				CODE_SIGN_STYLE = Automatic;
				DEVELOPMENT_TEAM = LPBH5JPMKU;
				INFOPLIST_FILE = Whack/Info.plist;
				LD_RUNPATH_SEARCH_PATHS = (
					"$(inherited)",
					"@executable_path/Frameworks",
				);
				PRODUCT_BUNDLE_IDENTIFIER = com.shreyarandive.Whack;
				PRODUCT_NAME = "$(TARGET_NAME)";
				SWIFT_OBJC_BRIDGING_HEADER = "Whack/Supporting Files/Whack-Bridging-Header.h";
				SWIFT_VERSION = 4.2;
				TARGETED_DEVICE_FAMILY = "1,2";
			};
			name = Release;
		};
/* End XCBuildConfiguration section */

/* Begin XCConfigurationList section */
		35D577DF229CCBB600CA3D1B /* Build configuration list for PBXProject "Whack" */ = {
			isa = XCConfigurationList;
			buildConfigurations = (
				35D577F4229CCBB600CA3D1B /* Debug */,
				35D577F5229CCBB600CA3D1B /* Release */,
			);
			defaultConfigurationIsVisible = 0;
			defaultConfigurationName = Release;
		};
		35D577F6229CCBB600CA3D1B /* Build configuration list for PBXNativeTarget "Whack" */ = {
			isa = XCConfigurationList;
			buildConfigurations = (
				35D577F7229CCBB600CA3D1B /* Debug */,
				35D577F8229CCBB600CA3D1B /* Release */,
			);
			defaultConfigurationIsVisible = 0;
			defaultConfigurationName = Release;
		};
/* End XCConfigurationList section */
	};
	rootObject = 35D577DC229CCBB600CA3D1B /* Project object */;
}
